# THIS IS AN AUTOGENERATED FILE. DO NOT EDIT THIS FILE DIRECTLY.
# yarn lockfile v1


"@types/fabric@^5.3.0":
  version "5.3.0"
  resolved "https://registry.yarnpkg.com/@types/fabric/-/fabric-5.3.0.tgz#d1afb8f9132aadbeb4aa84219ea11672476ad569"
  integrity sha512-HIsNsuvyQmsNi0+bT8Q7t5sC8g6e8xAdgZfO7S4HpeFKn0XK1BKrgdRjocM0hsB/vVVT/4M7IBPqqyvbF3Kl5g==
